// !$*UTF8*$!
{
	archiveVersion = 1;
	classes = {
	};
	objectVersion = 46;
	objects = {

/* Begin PBXBuildFile section */
		0ABAED6C8ECBD7870A1CF5FC /* Pods_MusicmixUITests.framework in Frameworks */ = {isa = PBXBuildFile; fileRef = 7E61F8C2C958F94CE32E834D /* Pods_MusicmixUITests.framework */; };
		2AE1F6F41F3C23EE00E3D847 /* AppDelegate.swift in Sources */ = {isa = PBXBuildFile; fileRef = 2AE1F6F31F3C23EE00E3D847 /* AppDelegate.swift */; };
		2AE1F6F61F3C23EE00E3D847 /* FirstViewController.swift in Sources */ = {isa = PBXBuildFile; fileRef = 2AE1F6F51F3C23EE00E3D847 /* FirstViewController.swift */; };
		2AE1F6F81F3C23EE00E3D847 /* SecondViewController.swift in Sources */ = {isa = PBXBuildFile; fileRef = 2AE1F6F71F3C23EE00E3D847 /* SecondViewController.swift */; };
		2AE1F6FB1F3C23EE00E3D847 /* Main.storyboard in Resources */ = {isa = PBXBuildFile; fileRef = 2AE1F6F91F3C23EE00E3D847 /* Main.storyboard */; };
		2AE1F6FD1F3C23EE00E3D847 /* Assets.xcassets in Resources */ = {isa = PBXBuildFile; fileRef = 2AE1F6FC1F3C23EE00E3D847 /* Assets.xcassets */; };
		2AE1F7001F3C23EE00E3D847 /* LaunchScreen.storyboard in Resources */ = {isa = PBXBuildFile; fileRef = 2AE1F6FE1F3C23EE00E3D847 /* LaunchScreen.storyboard */; };
		2AE1F70B1F3C23EF00E3D847 /* MusicmixTests.swift in Sources */ = {isa = PBXBuildFile; fileRef = 2AE1F70A1F3C23EF00E3D847 /* MusicmixTests.swift */; };
		2AE1F7161F3C23EF00E3D847 /* MusicmixUITests.swift in Sources */ = {isa = PBXBuildFile; fileRef = 2AE1F7151F3C23EF00E3D847 /* MusicmixUITests.swift */; };
		6BF4D8173B3049B88C36FF24 /* Pods_Musicmix.framework in Frameworks */ = {isa = PBXBuildFile; fileRef = 8BC04E6E955331AEABDB8364 /* Pods_Musicmix.framework */; };
		99EFD83BB85751F61F3A7A5E /* Pods_MusicmixTests.framework in Frameworks */ = {isa = PBXBuildFile; fileRef = A9C11BC6B8FA0AFE81D7E795 /* Pods_MusicmixTests.framework */; };
		B0D929F71F3D7BF30082F161 /* out_zonbi.wav in Resources */ = {isa = PBXBuildFile; fileRef = B0D929F61F3D7BF30082F161 /* out_zonbi.wav */; };
		B0D929F91F3D80B40082F161 /* correct1.mp3 in Resources */ = {isa = PBXBuildFile; fileRef = B0D929F81F3D80B40082F161 /* correct1.mp3 */; };
/* End PBXBuildFile section */

/* Begin PBXContainerItemProxy section */
		2AE1F7071F3C23EF00E3D847 /* PBXContainerItemProxy */ = {
			isa = PBXContainerItemProxy;
			containerPortal = 2AE1F6E81F3C23EE00E3D847 /* Project object */;
			proxyType = 1;
			remoteGlobalIDString = 2AE1F6EF1F3C23EE00E3D847;
			remoteInfo = Musicmix;
		};
		2AE1F7121F3C23EF00E3D847 /* PBXContainerItemProxy */ = {
			isa = PBXContainerItemProxy;
			containerPortal = 2AE1F6E81F3C23EE00E3D847 /* Project object */;
			proxyType = 1;
			remoteGlobalIDString = 2AE1F6EF1F3C23EE00E3D847;
			remoteInfo = Musicmix;
		};
/* End PBXContainerItemProxy section */

/* Begin PBXFileReference section */
		2AE1F6F01F3C23EE00E3D847 /* Musicmix.app */ = {isa = PBXFileReference; explicitFileType = wrapper.application; includeInIndex = 0; path = Musicmix.app; sourceTree = BUILT_PRODUCTS_DIR; };
		2AE1F6F31F3C23EE00E3D847 /* AppDelegate.swift */ = {isa = PBXFileReference; lastKnownFileType = sourcecode.swift; path = AppDelegate.swift; sourceTree = "<group>"; };
		2AE1F6F51F3C23EE00E3D847 /* FirstViewController.swift */ = {isa = PBXFileReference; lastKnownFileType = sourcecode.swift; path = FirstViewController.swift; sourceTree = "<group>"; };
		2AE1F6F71F3C23EE00E3D847 /* SecondViewController.swift */ = {isa = PBXFileReference; lastKnownFileType = sourcecode.swift; path = SecondViewController.swift; sourceTree = "<group>"; };
		2AE1F6FA1F3C23EE00E3D847 /* Base */ = {isa = PBXFileReference; lastKnownFileType = file.storyboard; name = Base; path = Base.lproj/Main.storyboard; sourceTree = "<group>"; };
		2AE1F6FC1F3C23EE00E3D847 /* Assets.xcassets */ = {isa = PBXFileReference; lastKnownFileType = folder.assetcatalog; path = Assets.xcassets; sourceTree = "<group>"; };
		2AE1F6FF1F3C23EE00E3D847 /* Base */ = {isa = PBXFileReference; lastKnownFileType = file.storyboard; name = Base; path = Base.lproj/LaunchScreen.storyboard; sourceTree = "<group>"; };
		2AE1F7011F3C23EE00E3D847 /* Info.plist */ = {isa = PBXFileReference; lastKnownFileType = text.plist.xml; path = Info.plist; sourceTree = "<group>"; };
		2AE1F7061F3C23EF00E3D847 /* MusicmixTests.xctest */ = {isa = PBXFileReference; explicitFileType = wrapper.cfbundle; includeInIndex = 0; path = MusicmixTests.xctest; sourceTree = BUILT_PRODUCTS_DIR; };
		2AE1F70A1F3C23EF00E3D847 /* MusicmixTests.swift */ = {isa = PBXFileReference; lastKnownFileType = sourcecode.swift; path = MusicmixTests.swift; sourceTree = "<group>"; };
		2AE1F70C1F3C23EF00E3D847 /* Info.plist */ = {isa = PBXFileReference; lastKnownFileType = text.plist.xml; path = Info.plist; sourceTree = "<group>"; };
		2AE1F7111F3C23EF00E3D847 /* MusicmixUITests.xctest */ = {isa = PBXFileReference; explicitFileType = wrapper.cfbundle; includeInIndex = 0; path = MusicmixUITests.xctest; sourceTree = BUILT_PRODUCTS_DIR; };
		2AE1F7151F3C23EF00E3D847 /* MusicmixUITests.swift */ = {isa = PBXFileReference; lastKnownFileType = sourcecode.swift; path = MusicmixUITests.swift; sourceTree = "<group>"; };
		2AE1F7171F3C23EF00E3D847 /* Info.plist */ = {isa = PBXFileReference; lastKnownFileType = text.plist.xml; path = Info.plist; sourceTree = "<group>"; };
		2C39F86A1C9AFD98AB69A23A /* Pods-Musicmix.release.xcconfig */ = {isa = PBXFileReference; includeInIndex = 1; lastKnownFileType = text.xcconfig; name = "Pods-Musicmix.release.xcconfig"; path = "Pods/Target Support Files/Pods-Musicmix/Pods-Musicmix.release.xcconfig"; sourceTree = "<group>"; };
		604D685D6B38F957D2AE8DFD /* Pods-Musicmix.debug.xcconfig */ = {isa = PBXFileReference; includeInIndex = 1; lastKnownFileType = text.xcconfig; name = "Pods-Musicmix.debug.xcconfig"; path = "Pods/Target Support Files/Pods-Musicmix/Pods-Musicmix.debug.xcconfig"; sourceTree = "<group>"; };
		73169E6D9B0FF9033E0131B2 /* Pods-MusicmixUITests.release.xcconfig */ = {isa = PBXFileReference; includeInIndex = 1; lastKnownFileType = text.xcconfig; name = "Pods-MusicmixUITests.release.xcconfig"; path = "Pods/Target Support Files/Pods-MusicmixUITests/Pods-MusicmixUITests.release.xcconfig"; sourceTree = "<group>"; };
		7E61F8C2C958F94CE32E834D /* Pods_MusicmixUITests.framework */ = {isa = PBXFileReference; explicitFileType = wrapper.framework; includeInIndex = 0; path = Pods_MusicmixUITests.framework; sourceTree = BUILT_PRODUCTS_DIR; };
		890395E7625010A5419D20E3 /* Pods-MusicmixTests.debug.xcconfig */ = {isa = PBXFileReference; includeInIndex = 1; lastKnownFileType = text.xcconfig; name = "Pods-MusicmixTests.debug.xcconfig"; path = "Pods/Target Support Files/Pods-MusicmixTests/Pods-MusicmixTests.debug.xcconfig"; sourceTree = "<group>"; };
		8BC04E6E955331AEABDB8364 /* Pods_Musicmix.framework */ = {isa = PBXFileReference; explicitFileType = wrapper.framework; includeInIndex = 0; path = Pods_Musicmix.framework; sourceTree = BUILT_PRODUCTS_DIR; };
		A9C11BC6B8FA0AFE81D7E795 /* Pods_MusicmixTests.framework */ = {isa = PBXFileReference; explicitFileType = wrapper.framework; includeInIndex = 0; path = Pods_MusicmixTests.framework; sourceTree = BUILT_PRODUCTS_DIR; };
		B0D929F61F3D7BF30082F161 /* out_zonbi.wav */ = {isa = PBXFileReference; lastKnownFileType = audio.wav; name = out_zonbi.wav; path = ../../../Downloads/out_zonbi.wav; sourceTree = "<group>"; };
		B0D929F81F3D80B40082F161 /* correct1.mp3 */ = {isa = PBXFileReference; lastKnownFileType = audio.mp3; name = correct1.mp3; path = ../../../Downloads/correct1.mp3; sourceTree = "<group>"; };
		BB63F6CD5B87AFE71C18F9E3 /* Pods-MusicmixTests.release.xcconfig */ = {isa = PBXFileReference; includeInIndex = 1; lastKnownFileType = text.xcconfig; name = "Pods-MusicmixTests.release.xcconfig"; path = "Pods/Target Support Files/Pods-MusicmixTests/Pods-MusicmixTests.release.xcconfig"; sourceTree = "<group>"; };
		C3F7F0146F23FB6B9F7FA098 /* Pods-MusicmixUITests.debug.xcconfig */ = {isa = PBXFileReference; includeInIndex = 1; lastKnownFileType = text.xcconfig; name = "Pods-MusicmixUITests.debug.xcconfig"; path = "Pods/Target Support Files/Pods-MusicmixUITests/Pods-MusicmixUITests.debug.xcconfig"; sourceTree = "<group>"; };
/* End PBXFileReference section */

/* Begin PBXFrameworksBuildPhase section */
		2AE1F6ED1F3C23EE00E3D847 /* Frameworks */ = {
			isa = PBXFrameworksBuildPhase;
			buildActionMask = 2147483647;
			files = (
				6BF4D8173B3049B88C36FF24 /* Pods_Musicmix.framework in Frameworks */,
			);
			runOnlyForDeploymentPostprocessing = 0;
		};
		2AE1F7031F3C23EF00E3D847 /* Frameworks */ = {
			isa = PBXFrameworksBuildPhase;
			buildActionMask = 2147483647;
			files = (
				99EFD83BB85751F61F3A7A5E /* Pods_MusicmixTests.framework in Frameworks */,
			);
			runOnlyForDeploymentPostprocessing = 0;
		};
		2AE1F70E1F3C23EF00E3D847 /* Frameworks */ = {
			isa = PBXFrameworksBuildPhase;
			buildActionMask = 2147483647;
			files = (
				0ABAED6C8ECBD7870A1CF5FC /* Pods_MusicmixUITests.framework in Frameworks */,
			);
			runOnlyForDeploymentPostprocessing = 0;
		};
/* End PBXFrameworksBuildPhase section */

/* Begin PBXGroup section */
		2AE1F6E71F3C23EE00E3D847 = {
			isa = PBXGroup;
			children = (
				2AE1F6F21F3C23EE00E3D847 /* Musicmix */,
				2AE1F7091F3C23EF00E3D847 /* MusicmixTests */,
				2AE1F7141F3C23EF00E3D847 /* MusicmixUITests */,
				2AE1F6F11F3C23EE00E3D847 /* Products */,
				7F1C8770AE33D5D26BD64E72 /* Pods */,
				F3F8379D1452475C07ABAA4D /* Frameworks */,
			);
			sourceTree = "<group>";
		};
		2AE1F6F11F3C23EE00E3D847 /* Products */ = {
			isa = PBXGroup;
			children = (
				2AE1F6F01F3C23EE00E3D847 /* Musicmix.app */,
				2AE1F7061F3C23EF00E3D847 /* MusicmixTests.xctest */,
				2AE1F7111F3C23EF00E3D847 /* MusicmixUITests.xctest */,
			);
			name = Products;
			sourceTree = "<group>";
		};
		2AE1F6F21F3C23EE00E3D847 /* Musicmix */ = {
			isa = PBXGroup;
			children = (
				2AE1F6F31F3C23EE00E3D847 /* AppDelegate.swift */,
				2AE1F6F51F3C23EE00E3D847 /* FirstViewController.swift */,
				B0D929F61F3D7BF30082F161 /* out_zonbi.wav */,
				B0D929F81F3D80B40082F161 /* correct1.mp3 */,
				2AE1F6F71F3C23EE00E3D847 /* SecondViewController.swift */,
				2AE1F6F91F3C23EE00E3D847 /* Main.storyboard */,
				2AE1F6FC1F3C23EE00E3D847 /* Assets.xcassets */,
				2AE1F6FE1F3C23EE00E3D847 /* LaunchScreen.storyboard */,
				2AE1F7011F3C23EE00E3D847 /* Info.plist */,
			);
			path = Musicmix;
			sourceTree = "<group>";
		};
		2AE1F7091F3C23EF00E3D847 /* MusicmixTests */ = {
			isa = PBXGroup;
			children = (
				2AE1F70A1F3C23EF00E3D847 /* MusicmixTests.swift */,
				2AE1F70C1F3C23EF00E3D847 /* Info.plist */,
			);
			path = MusicmixTests;
			sourceTree = "<group>";
		};
		2AE1F7141F3C23EF00E3D847 /* MusicmixUITests */ = {
			isa = PBXGroup;
			children = (
				2AE1F7151F3C23EF00E3D847 /* MusicmixUITests.swift */,
				2AE1F7171F3C23EF00E3D847 /* Info.plist */,
			);
			path = MusicmixUITests;
			sourceTree = "<group>";
		};
		7F1C8770AE33D5D26BD64E72 /* Pods */ = {
			isa = PBXGroup;
			children = (
				604D685D6B38F957D2AE8DFD /* Pods-Musicmix.debug.xcconfig */,
				2C39F86A1C9AFD98AB69A23A /* Pods-Musicmix.release.xcconfig */,
				890395E7625010A5419D20E3 /* Pods-MusicmixTests.debug.xcconfig */,
				BB63F6CD5B87AFE71C18F9E3 /* Pods-MusicmixTests.release.xcconfig */,
				C3F7F0146F23FB6B9F7FA098 /* Pods-MusicmixUITests.debug.xcconfig */,
				73169E6D9B0FF9033E0131B2 /* Pods-MusicmixUITests.release.xcconfig */,
			);
			name = Pods;
			sourceTree = "<group>";
		};
		F3F8379D1452475C07ABAA4D /* Frameworks */ = {
			isa = PBXGroup;
			children = (
				8BC04E6E955331AEABDB8364 /* Pods_Musicmix.framework */,
				A9C11BC6B8FA0AFE81D7E795 /* Pods_MusicmixTests.framework */,
				7E61F8C2C958F94CE32E834D /* Pods_MusicmixUITests.framework */,
			);
			name = Frameworks;
			sourceTree = "<group>";
		};
/* End PBXGroup section */

/* Begin PBXNativeTarget section */
		2AE1F6EF1F3C23EE00E3D847 /* Musicmix */ = {
			isa = PBXNativeTarget;
			buildConfigurationList = 2AE1F71A1F3C23EF00E3D847 /* Build configuration list for PBXNativeTarget "Musicmix" */;
			buildPhases = (
				22F9991ED2FB4663A097DCD9 /* [CP] Check Pods Manifest.lock */,
				2AE1F6EC1F3C23EE00E3D847 /* Sources */,
				2AE1F6ED1F3C23EE00E3D847 /* Frameworks */,
				2AE1F6EE1F3C23EE00E3D847 /* Resources */,
				89A3CE701595751DA6D0B9EC /* [CP] Embed Pods Frameworks */,
				E7E46586ED8674C2F0DE7DE5 /* [CP] Copy Pods Resources */,
			);
			buildRules = (
			);
			dependencies = (
			);
			name = Musicmix;
			productName = Musicmix;
			productReference = 2AE1F6F01F3C23EE00E3D847 /* Musicmix.app */;
			productType = "com.apple.product-type.application";
		};
		2AE1F7051F3C23EF00E3D847 /* MusicmixTests */ = {
			isa = PBXNativeTarget;
			buildConfigurationList = 2AE1F71D1F3C23EF00E3D847 /* Build configuration list for PBXNativeTarget "MusicmixTests" */;
			buildPhases = (
				B25AD930F178C73D091188E3 /* [CP] Check Pods Manifest.lock */,
				2AE1F7021F3C23EF00E3D847 /* Sources */,
				2AE1F7031F3C23EF00E3D847 /* Frameworks */,
				2AE1F7041F3C23EF00E3D847 /* Resources */,
				FDBDDC6A76147AAEBAD3BBF5 /* [CP] Embed Pods Frameworks */,
				F56B5AE04672C693C7404AB9 /* [CP] Copy Pods Resources */,
			);
			buildRules = (
			);
			dependencies = (
				2AE1F7081F3C23EF00E3D847 /* PBXTargetDependency */,
			);
			name = MusicmixTests;
			productName = MusicmixTests;
			productReference = 2AE1F7061F3C23EF00E3D847 /* MusicmixTests.xctest */;
			productType = "com.apple.product-type.bundle.unit-test";
		};
		2AE1F7101F3C23EF00E3D847 /* MusicmixUITests */ = {
			isa = PBXNativeTarget;
			buildConfigurationList = 2AE1F7201F3C23EF00E3D847 /* Build configuration list for PBXNativeTarget "MusicmixUITests" */;
			buildPhases = (
				E4A0FE0F83AC27B649F9B6B3 /* [CP] Check Pods Manifest.lock */,
				2AE1F70D1F3C23EF00E3D847 /* Sources */,
				2AE1F70E1F3C23EF00E3D847 /* Frameworks */,
				2AE1F70F1F3C23EF00E3D847 /* Resources */,
				E652DB4FF8176FC12F987FA4 /* [CP] Embed Pods Frameworks */,
				896BA91DB07082ECC42795CB /* [CP] Copy Pods Resources */,
			);
			buildRules = (
			);
			dependencies = (
				2AE1F7131F3C23EF00E3D847 /* PBXTargetDependency */,
			);
			name = MusicmixUITests;
			productName = MusicmixUITests;
			productReference = 2AE1F7111F3C23EF00E3D847 /* MusicmixUITests.xctest */;
			productType = "com.apple.product-type.bundle.ui-testing";
		};
/* End PBXNativeTarget section */

/* Begin PBXProject section */
		2AE1F6E81F3C23EE00E3D847 /* Project object */ = {
			isa = PBXProject;
			attributes = {
				LastSwiftUpdateCheck = 0830;
				LastUpgradeCheck = 0830;
				ORGANIZATIONNAME = "ロドリゲス海";
				TargetAttributes = {
					2AE1F6EF1F3C23EE00E3D847 = {
						CreatedOnToolsVersion = 8.3.3;
						DevelopmentTeam = 52HKEBYGAE;
						ProvisioningStyle = Automatic;
					};
					2AE1F7051F3C23EF00E3D847 = {
						CreatedOnToolsVersion = 8.3.3;
						DevelopmentTeam = 52HKEBYGAE;
						ProvisioningStyle = Automatic;
						TestTargetID = 2AE1F6EF1F3C23EE00E3D847;
					};
					2AE1F7101F3C23EF00E3D847 = {
						CreatedOnToolsVersion = 8.3.3;
						DevelopmentTeam = 52HKEBYGAE;
						ProvisioningStyle = Automatic;
						TestTargetID = 2AE1F6EF1F3C23EE00E3D847;
					};
				};
			};
			buildConfigurationList = 2AE1F6EB1F3C23EE00E3D847 /* Build configuration list for PBXProject "Musicmix" */;
			compatibilityVersion = "Xcode 3.2";
			developmentRegion = English;
			hasScannedForEncodings = 0;
			knownRegions = (
				en,
				Base,
			);
			mainGroup = 2AE1F6E71F3C23EE00E3D847;
			productRefGroup = 2AE1F6F11F3C23EE00E3D847 /* Products */;
			projectDirPath = "";
			projectRoot = "";
			targets = (
				2AE1F6EF1F3C23EE00E3D847 /* Musicmix */,
				2AE1F7051F3C23EF00E3D847 /* MusicmixTests */,
				2AE1F7101F3C23EF00E3D847 /* MusicmixUITests */,
			);
		};
/* End PBXProject section */

/* Begin PBXResourcesBuildPhase section */
		2AE1F6EE1F3C23EE00E3D847 /* Resources */ = {
			isa = PBXResourcesBuildPhase;
			buildActionMask = 2147483647;
			files = (
				B0D929F91F3D80B40082F161 /* correct1.mp3 in Resources */,
				2AE1F7001F3C23EE00E3D847 /* LaunchScreen.storyboard in Resources */,
				2AE1F6FD1F3C23EE00E3D847 /* Assets.xcassets in Resources */,
				B0D929F71F3D7BF30082F161 /* out_zonbi.wav in Resources */,
				2AE1F6FB1F3C23EE00E3D847 /* Main.storyboard in Resources */,
			);
			runOnlyForDeploymentPostprocessing = 0;
		};
		2AE1F7041F3C23EF00E3D847 /* Resources */ = {
			isa = PBXResourcesBuildPhase;
			buildActionMask = 2147483647;
			files = (
			);
			runOnlyForDeploymentPostprocessing = 0;
		};
		2AE1F70F1F3C23EF00E3D847 /* Resources */ = {
			isa = PBXResourcesBuildPhase;
			buildActionMask = 2147483647;
			files = (
			);
			runOnlyForDeploymentPostprocessing = 0;
		};
/* End PBXResourcesBuildPhase section */

/* Begin PBXShellScriptBuildPhase section */
		22F9991ED2FB4663A097DCD9 /* [CP] Check Pods Manifest.lock */ = {
			isa = PBXShellScriptBuildPhase;
			buildActionMask = 2147483647;
			files = (
			);
			inputPaths = (
				"${PODS_PODFILE_DIR_PATH}/Podfile.lock",
				"${PODS_ROOT}/Manifest.lock",
			);
			name = "[CP] Check Pods Manifest.lock";
			outputPaths = (
				"$(DERIVED_FILE_DIR)/Pods-Musicmix-checkManifestLockResult.txt",
			);
			runOnlyForDeploymentPostprocessing = 0;
			shellPath = /bin/sh;
			shellScript = "diff \"${PODS_PODFILE_DIR_PATH}/Podfile.lock\" \"${PODS_ROOT}/Manifest.lock\" > /dev/null\nif [ $? != 0 ] ; then\n    # print error to STDERR\n    echo \"error: The sandbox is not in sync with the Podfile.lock. Run 'pod install' or update your CocoaPods installation.\" >&2\n    exit 1\nfi\n# This output is used by Xcode 'outputs' to avoid re-running this script phase.\necho \"SUCCESS\" > \"${SCRIPT_OUTPUT_FILE_0}\"\n";
			showEnvVarsInLog = 0;
		};
		896BA91DB07082ECC42795CB /* [CP] Copy Pods Resources */ = {
			isa = PBXShellScriptBuildPhase;
			buildActionMask = 2147483647;
			files = (
			);
			inputPaths = (
			);
			name = "[CP] Copy Pods Resources";
			outputPaths = (
			);
			runOnlyForDeploymentPostprocessing = 0;
			shellPath = /bin/sh;
			shellScript = "\"${SRCROOT}/Pods/Target Support Files/Pods-MusicmixUITests/Pods-MusicmixUITests-resources.sh\"\n";
			showEnvVarsInLog = 0;
		};
		89A3CE701595751DA6D0B9EC /* [CP] Embed Pods Frameworks */ = {
			isa = PBXShellScriptBuildPhase;
			buildActionMask = 2147483647;
			files = (
			);
			inputPaths = (
				"${SRCROOT}/Pods/Target Support Files/Pods-Musicmix/Pods-Musicmix-frameworks.sh",
				"${BUILT_PRODUCTS_DIR}/AFNetworking/AFNetworking.framework",
			);
			name = "[CP] Embed Pods Frameworks";
			outputPaths = (
				"${TARGET_BUILD_DIR}/${FRAMEWORKS_FOLDER_PATH}/AFNetworking.framework",
			);
			runOnlyForDeploymentPostprocessing = 0;
			shellPath = /bin/sh;
			shellScript = "\"${SRCROOT}/Pods/Target Support Files/Pods-Musicmix/Pods-Musicmix-frameworks.sh\"\n";
			showEnvVarsInLog = 0;
		};
		B25AD930F178C73D091188E3 /* [CP] Check Pods Manifest.lock */ = {
			isa = PBXShellScriptBuildPhase;
			buildActionMask = 2147483647;
			files = (
			);
			inputPaths = (
				"${PODS_PODFILE_DIR_PATH}/Podfile.lock",
				"${PODS_ROOT}/Manifest.lock",
			);
			name = "[CP] Check Pods Manifest.lock";
			outputPaths = (
				"$(DERIVED_FILE_DIR)/Pods-MusicmixTests-checkManifestLockResult.txt",
			);
			runOnlyForDeploymentPostprocessing = 0;
			shellPath = /bin/sh;
			shellScript = "diff \"${PODS_PODFILE_DIR_PATH}/Podfile.lock\" \"${PODS_ROOT}/Manifest.lock\" > /dev/null\nif [ $? != 0 ] ; then\n    # print error to STDERR\n    echo \"error: The sandbox is not in sync with the Podfile.lock. Run 'pod install' or update your CocoaPods installation.\" >&2\n    exit 1\nfi\n# This output is used by Xcode 'outputs' to avoid re-running this script phase.\necho \"SUCCESS\" > \"${SCRIPT_OUTPUT_FILE_0}\"\n";
			showEnvVarsInLog = 0;
		};
		E4A0FE0F83AC27B649F9B6B3 /* [CP] Check Pods Manifest.lock */ = {
			isa = PBXShellScriptBuildPhase;
			buildActionMask = 2147483647;
			files = (
			);
			inputPaths = (
				"${PODS_PODFILE_DIR_PATH}/Podfile.lock",
				"${PODS_ROOT}/Manifest.lock",
			);
			name = "[CP] Check Pods Manifest.lock";
			outputPaths = (
				"$(DERIVED_FILE_DIR)/Pods-MusicmixUITests-checkManifestLockResult.txt",
			);
			runOnlyForDeploymentPostprocessing = 0;
			shellPath = /bin/sh;
			shellScript = "diff \"${PODS_PODFILE_DIR_PATH}/Podfile.lock\" \"${PODS_ROOT}/Manifest.lock\" > /dev/null\nif [ $? != 0 ] ; then\n    # print error to STDERR\n    echo \"error: The sandbox is not in sync with the Podfile.lock. Run 'pod install' or update your CocoaPods installation.\" >&2\n    exit 1\nfi\n# This output is used by Xcode 'outputs' to avoid re-running this script phase.\necho \"SUCCESS\" > \"${SCRIPT_OUTPUT_FILE_0}\"\n";
			showEnvVarsInLog = 0;
		};
		E652DB4FF8176FC12F987FA4 /* [CP] Embed Pods Frameworks */ = {
			isa = PBXShellScriptBuildPhase;
			buildActionMask = 2147483647;
			files = (
			);
			inputPaths = (
			);
			name = "[CP] Embed Pods Frameworks";
			outputPaths = (
			);
			runOnlyForDeploymentPostprocessing = 0;
			shellPath = /bin/sh;
			shellScript = "\"${SRCROOT}/Pods/Target Support Files/Pods-MusicmixUITests/Pods-MusicmixUITests-frameworks.sh\"\n";
			showEnvVarsInLog = 0;
		};
		E7E46586ED8674C2F0DE7DE5 /* [CP] Copy Pods Resources */ = {
			isa = PBXShellScriptBuildPhase;
			buildActionMask = 2147483647;
			files = (
			);
			inputPaths = (
			);
			name = "[CP] Copy Pods Resources";
			outputPaths = (
			);
			runOnlyForDeploymentPostprocessing = 0;
			shellPath = /bin/sh;
			shellScript = "\"${SRCROOT}/Pods/Target Support Files/Pods-Musicmix/Pods-Musicmix-resources.sh\"\n";
			showEnvVarsInLog = 0;
		};
		F56B5AE04672C693C7404AB9 /* [CP] Copy Pods Resources */ = {
			isa = PBXShellScriptBuildPhase;
			buildActionMask = 2147483647;
			files = (
			);
			inputPaths = (
			);
			name = "[CP] Copy Pods Resources";
			outputPaths = (
			);
			runOnlyForDeploymentPostprocessing = 0;
			shellPath = /bin/sh;
			shellScript = "\"${SRCROOT}/Pods/Target Support Files/Pods-MusicmixTests/Pods-MusicmixTests-resources.sh\"\n";
			showEnvVarsInLog = 0;
		};
		FDBDDC6A76147AAEBAD3BBF5 /* [CP] Embed Pods Frameworks */ = {
			isa = PBXShellScriptBuildPhase;
			buildActionMask = 2147483647;
			files = (
			);
			inputPaths = (
			);
			name = "[CP] Embed Pods Frameworks";
			outputPaths = (
			);
			runOnlyForDeploymentPostprocessing = 0;
			shellPath = /bin/sh;
			shellScript = "\"${SRCROOT}/Pods/Target Support Files/Pods-MusicmixTests/Pods-MusicmixTests-frameworks.sh\"\n";
			showEnvVarsInLog = 0;
		};
/* End PBXShellScriptBuildPhase section */

/* Begin PBXSourcesBuildPhase section */
		2AE1F6EC1F3C23EE00E3D847 /* Sources */ = {
			isa = PBXSourcesBuildPhase;
			buildActionMask = 2147483647;
			files = (
				2AE1F6F81F3C23EE00E3D847 /* SecondViewController.swift in Sources */,
				2AE1F6F41F3C23EE00E3D847 /* AppDelegate.swift in Sources */,
				2AE1F6F61F3C23EE00E3D847 /* FirstViewController.swift in Sources */,
			);
			runOnlyForDeploymentPostprocessing = 0;
		};
		2AE1F7021F3C23EF00E3D847 /* Sources */ = {
			isa = PBXSourcesBuildPhase;
			buildActionMask = 2147483647;
			files = (
				2AE1F70B1F3C23EF00E3D847 /* MusicmixTests.swift in Sources */,
			);
			runOnlyForDeploymentPostprocessing = 0;
		};
		2AE1F70D1F3C23EF00E3D847 /* Sources */ = {
			isa = PBXSourcesBuildPhase;
			buildActionMask = 2147483647;
			files = (
				2AE1F7161F3C23EF00E3D847 /* MusicmixUITests.swift in Sources */,
			);
			runOnlyForDeploymentPostprocessing = 0;
		};
/* End PBXSourcesBuildPhase section */

/* Begin PBXTargetDependency section */
		2AE1F7081F3C23EF00E3D847 /* PBXTargetDependency */ = {
			isa = PBXTargetDependency;
			target = 2AE1F6EF1F3C23EE00E3D847 /* Musicmix */;
			targetProxy = 2AE1F7071F3C23EF00E3D847 /* PBXContainerItemProxy */;
		};
		2AE1F7131F3C23EF00E3D847 /* PBXTargetDependency */ = {
			isa = PBXTargetDependency;
			target = 2AE1F6EF1F3C23EE00E3D847 /* Musicmix */;
			targetProxy = 2AE1F7121F3C23EF00E3D847 /* PBXContainerItemProxy */;
		};
/* End PBXTargetDependency section */

/* Begin PBXVariantGroup section */
		2AE1F6F91F3C23EE00E3D847 /* Main.storyboard */ = {
			isa = PBXVariantGroup;
			children = (
				2AE1F6FA1F3C23EE00E3D847 /* Base */,
			);
			name = Main.storyboard;
			sourceTree = "<group>";
		};
		2AE1F6FE1F3C23EE00E3D847 /* LaunchScreen.storyboard */ = {
			isa = PBXVariantGroup;
			children = (
				2AE1F6FF1F3C23EE00E3D847 /* Base */,
			);
			name = LaunchScreen.storyboard;
			sourceTree = "<group>";
		};
/* End PBXVariantGroup section */

/* Begin XCBuildConfiguration section */
		2AE1F7181F3C23EF00E3D847 /* Debug */ = {
			isa = XCBuildConfiguration;
			buildSettings = {
				ALWAYS_SEARCH_USER_PATHS = NO;
				CLANG_ANALYZER_NONNULL = YES;
				CLANG_ANALYZER_NUMBER_OBJECT_CONVERSION = YES_AGGRESSIVE;
				CLANG_CXX_LANGUAGE_STANDARD = "gnu++0x";
				CLANG_CXX_LIBRARY = "libc++";
				CLANG_ENABLE_MODULES = YES;
				CLANG_ENABLE_OBJC_ARC = YES;
				CLANG_WARN_BOOL_CONVERSION = YES;
				CLANG_WARN_CONSTANT_CONVERSION = YES;
				CLANG_WARN_DIRECT_OBJC_ISA_USAGE = YES_ERROR;
				CLANG_WARN_DOCUMENTATION_COMMENTS = YES;
				CLANG_WARN_EMPTY_BODY = YES;
				CLANG_WARN_ENUM_CONVERSION = YES;
				CLANG_WARN_INFINITE_RECURSION = YES;
				CLANG_WARN_INT_CONVERSION = YES;
				CLANG_WARN_OBJC_ROOT_CLASS = YES_ERROR;
				CLANG_WARN_SUSPICIOUS_MOVE = YES;
				CLANG_WARN_UNREACHABLE_CODE = YES;
				CLANG_WARN__DUPLICATE_METHOD_MATCH = YES;
				"CODE_SIGN_IDENTITY[sdk=iphoneos*]" = "iPhone Developer";
				COPY_PHASE_STRIP = NO;
				DEBUG_INFORMATION_FORMAT = dwarf;
				ENABLE_STRICT_OBJC_MSGSEND = YES;
				ENABLE_TESTABILITY = YES;
				GCC_C_LANGUAGE_STANDARD = gnu99;
				GCC_DYNAMIC_NO_PIC = NO;
				GCC_NO_COMMON_BLOCKS = YES;
				GCC_OPTIMIZATION_LEVEL = 0;
				GCC_PREPROCESSOR_DEFINITIONS = (
					"DEBUG=1",
					"$(inherited)",
				);
				GCC_WARN_64_TO_32_BIT_CONVERSION = YES;
				GCC_WARN_ABOUT_RETURN_TYPE = YES_ERROR;
				GCC_WARN_UNDECLARED_SELECTOR = YES;
				GCC_WARN_UNINITIALIZED_AUTOS = YES_AGGRESSIVE;
				GCC_WARN_UNUSED_FUNCTION = YES;
				GCC_WARN_UNUSED_VARIABLE = YES;
				IPHONEOS_DEPLOYMENT_TARGET = 10.3;
				MTL_ENABLE_DEBUG_INFO = YES;
				ONLY_ACTIVE_ARCH = YES;
				SDKROOT = iphoneos;
				SWIFT_ACTIVE_COMPILATION_CONDITIONS = DEBUG;
				SWIFT_OPTIMIZATION_LEVEL = "-Onone";
				TARGETED_DEVICE_FAMILY = "1,2";
			};
			name = Debug;
		};
		2AE1F7191F3C23EF00E3D847 /* Release */ = {
			isa = XCBuildConfiguration;
			buildSettings = {
				ALWAYS_SEARCH_USER_PATHS = NO;
				CLANG_ANALYZER_NONNULL = YES;
				CLANG_ANALYZER_NUMBER_OBJECT_CONVERSION = YES_AGGRESSIVE;
				CLANG_CXX_LANGUAGE_STANDARD = "gnu++0x";
				CLANG_CXX_LIBRARY = "libc++";
				CLANG_ENABLE_MODULES = YES;
				CLANG_ENABLE_OBJC_ARC = YES;
				CLANG_WARN_BOOL_CONVERSION = YES;
				CLANG_WARN_CONSTANT_CONVERSION = YES;
				CLANG_WARN_DIRECT_OBJC_ISA_USAGE = YES_ERROR;
				CLANG_WARN_DOCUMENTATION_COMMENTS = YES;
				CLANG_WARN_EMPTY_BODY = YES;
				CLANG_WARN_ENUM_CONVERSION = YES;
				CLANG_WARN_INFINITE_RECURSION = YES;
				CLANG_WARN_INT_CONVERSION = YES;
				CLANG_WARN_OBJC_ROOT_CLASS = YES_ERROR;
				CLANG_WARN_SUSPICIOUS_MOVE = YES;
				CLANG_WARN_UNREACHABLE_CODE = YES;
				CLANG_WARN__DUPLICATE_METHOD_MATCH = YES;
				"CODE_SIGN_IDENTITY[sdk=iphoneos*]" = "iPhone Developer";
				COPY_PHASE_STRIP = NO;
				DEBUG_INFORMATION_FORMAT = "dwarf-with-dsym";
				ENABLE_NS_ASSERTIONS = NO;
				ENABLE_STRICT_OBJC_MSGSEND = YES;
				GCC_C_LANGUAGE_STANDARD = gnu99;
				GCC_NO_COMMON_BLOCKS = YES;
				GCC_WARN_64_TO_32_BIT_CONVERSION = YES;
				GCC_WARN_ABOUT_RETURN_TYPE = YES_ERROR;
				GCC_WARN_UNDECLARED_SELECTOR = YES;
				GCC_WARN_UNINITIALIZED_AUTOS = YES_AGGRESSIVE;
				GCC_WARN_UNUSED_FUNCTION = YES;
				GCC_WARN_UNUSED_VARIABLE = YES;
				IPHONEOS_DEPLOYMENT_TARGET = 10.3;
				MTL_ENABLE_DEBUG_INFO = NO;
				SDKROOT = iphoneos;
				SWIFT_OPTIMIZATION_LEVEL = "-Owholemodule";
				TARGETED_DEVICE_FAMILY = "1,2";
				VALIDATE_PRODUCT = YES;
			};
			name = Release;
		};
		2AE1F71B1F3C23EF00E3D847 /* Debug */ = {
			isa = XCBuildConfiguration;
			baseConfigurationReference = 604D685D6B38F957D2AE8DFD /* Pods-Musicmix.debug.xcconfig */;
			buildSettings = {
				ASSETCATALOG_COMPILER_APPICON_NAME = AppIcon;
				DEVELOPMENT_TEAM = 52HKEBYGAE;
				INFOPLIST_FILE = Musicmix/Info.plist;
				LD_RUNPATH_SEARCH_PATHS = "$(inherited) @executable_path/Frameworks";
				PRODUCT_BUNDLE_IDENTIFIER = scientia.Musicmix;
				PRODUCT_NAME = "$(TARGET_NAME)";
				SWIFT_VERSION = 3.0;
			};
			name = Debug;
		};
		2AE1F71C1F3C23EF00E3D847 /* Release */ = {
			isa = XCBuildConfiguration;
			baseConfigurationReference = 2C39F86A1C9AFD98AB69A23A /* Pods-Musicmix.release.xcconfig */;
			buildSettings = {
				ASSETCATALOG_COMPILER_APPICON_NAME = AppIcon;
				DEVELOPMENT_TEAM = 52HKEBYGAE;
				INFOPLIST_FILE = Musicmix/Info.plist;
				LD_RUNPATH_SEARCH_PATHS = "$(inherited) @executable_path/Frameworks";
				PRODUCT_BUNDLE_IDENTIFIER = scientia.Musicmix;
				PRODUCT_NAME = "$(TARGET_NAME)";
				SWIFT_VERSION = 3.0;
			};
			name = Release;
		};
		2AE1F71E1F3C23EF00E3D847 /* Debug */ = {
			isa = XCBuildConfiguration;
			baseConfigurationReference = 890395E7625010A5419D20E3 /* Pods-MusicmixTests.debug.xcconfig */;
			buildSettings = {
				ALWAYS_EMBED_SWIFT_STANDARD_LIBRARIES = YES;
				BUNDLE_LOADER = "$(TEST_HOST)";
				DEVELOPMENT_TEAM = 52HKEBYGAE;
				INFOPLIST_FILE = MusicmixTests/Info.plist;
				LD_RUNPATH_SEARCH_PATHS = "$(inherited) @executable_path/Frameworks @loader_path/Frameworks";
				PRODUCT_BUNDLE_IDENTIFIER = scientia.MusicmixTests;
				PRODUCT_NAME = "$(TARGET_NAME)";
				SWIFT_VERSION = 3.0;
				TEST_HOST = "$(BUILT_PRODUCTS_DIR)/Musicmix.app/Musicmix";
			};
			name = Debug;
		};
		2AE1F71F1F3C23EF00E3D847 /* Release */ = {
			isa = XCBuildConfiguration;
			baseConfigurationReference = BB63F6CD5B87AFE71C18F9E3 /* Pods-MusicmixTests.release.xcconfig */;
			buildSettings = {
				ALWAYS_EMBED_SWIFT_STANDARD_LIBRARIES = YES;
				BUNDLE_LOADER = "$(TEST_HOST)";
				DEVELOPMENT_TEAM = 52HKEBYGAE;
				INFOPLIST_FILE = MusicmixTests/Info.plist;
				LD_RUNPATH_SEARCH_PATHS = "$(inherited) @executable_path/Frameworks @loader_path/Frameworks";
				PRODUCT_BUNDLE_IDENTIFIER = scientia.MusicmixTests;
				PRODUCT_NAME = "$(TARGET_NAME)";
				SWIFT_VERSION = 3.0;
				TEST_HOST = "$(BUILT_PRODUCTS_DIR)/Musicmix.app/Musicmix";
			};
			name = Release;
		};
		2AE1F7211F3C23EF00E3D847 /* Debug */ = {
			isa = XCBuildConfiguration;
			baseConfigurationReference = C3F7F0146F23FB6B9F7FA098 /* Pods-MusicmixUITests.debug.xcconfig */;
			buildSettings = {
				ALWAYS_EMBED_SWIFT_STANDARD_LIBRARIES = YES;
				DEVELOPMENT_TEAM = 52HKEBYGAE;
				INFOPLIST_FILE = MusicmixUITests/Info.plist;
				LD_RUNPATH_SEARCH_PATHS = "$(inherited) @executable_path/Frameworks @loader_path/Frameworks";
				PRODUCT_BUNDLE_IDENTIFIER = scientia.MusicmixUITests;
				PRODUCT_NAME = "$(TARGET_NAME)";
				SWIFT_VERSION = 3.0;
				TEST_TARGET_NAME = Musicmix;
			};
			name = Debug;
		};
		2AE1F7221F3C23EF00E3D847 /* Release */ = {
			isa = XCBuildConfiguration;
			baseConfigurationReference = 73169E6D9B0FF9033E0131B2 /* Pods-MusicmixUITests.release.xcconfig */;
			buildSettings = {
				ALWAYS_EMBED_SWIFT_STANDARD_LIBRARIES = YES;
				DEVELOPMENT_TEAM = 52HKEBYGAE;
				INFOPLIST_FILE = MusicmixUITests/Info.plist;
				LD_RUNPATH_SEARCH_PATHS = "$(inherited) @executable_path/Frameworks @loader_path/Frameworks";
				PRODUCT_BUNDLE_IDENTIFIER = scientia.MusicmixUITests;
				PRODUCT_NAME = "$(TARGET_NAME)";
				SWIFT_VERSION = 3.0;
				TEST_TARGET_NAME = Musicmix;
			};
			name = Release;
		};
/* End XCBuildConfiguration section */

/* Begin XCConfigurationList section */
		2AE1F6EB1F3C23EE00E3D847 /* Build configuration list for PBXProject "Musicmix" */ = {
			isa = XCConfigurationList;
			buildConfigurations = (
				2AE1F7181F3C23EF00E3D847 /* Debug */,
				2AE1F7191F3C23EF00E3D847 /* Release */,
			);
			defaultConfigurationIsVisible = 0;
			defaultConfigurationName = Release;
		};
		2AE1F71A1F3C23EF00E3D847 /* Build configuration list for PBXNativeTarget "Musicmix" */ = {
			isa = XCConfigurationList;
			buildConfigurations = (
				2AE1F71B1F3C23EF00E3D847 /* Debug */,
				2AE1F71C1F3C23EF00E3D847 /* Release */,
			);
			defaultConfigurationIsVisible = 0;
			defaultConfigurationName = Release;
		};
		2AE1F71D1F3C23EF00E3D847 /* Build configuration list for PBXNativeTarget "MusicmixTests" */ = {
			isa = XCConfigurationList;
			buildConfigurations = (
				2AE1F71E1F3C23EF00E3D847 /* Debug */,
				2AE1F71F1F3C23EF00E3D847 /* Release */,
			);
			defaultConfigurationIsVisible = 0;
			defaultConfigurationName = Release;
		};
		2AE1F7201F3C23EF00E3D847 /* Build configuration list for PBXNativeTarget "MusicmixUITests" */ = {
			isa = XCConfigurationList;
			buildConfigurations = (
				2AE1F7211F3C23EF00E3D847 /* Debug */,
				2AE1F7221F3C23EF00E3D847 /* Release */,
			);
			defaultConfigurationIsVisible = 0;
			defaultConfigurationName = Release;
		};
/* End XCConfigurationList section */
	};
	rootObject = 2AE1F6E81F3C23EE00E3D847 /* Project object */;
}
